<?xml version="1.0" encoding="utf-8"?>
<Project ToolsVersion="4.0" xmlns="http://schemas.microsoft.com/developer/msbuild/2003">
  <ItemGroup>
    <Filter Include="Source Files">
      <UniqueIdentifier>{4FC737F1-C7A5-4376-A066-2A32D752A2FF}</UniqueIdentifier>
      <Extensions>cpp;c;cc;cxx;def;odl;idl;hpj;bat;asm;asmx</Extensions>
    </Filter>
    <Filter Include="Header Files">
      <UniqueIdentifier>{93995380-89BD-4b04-88EB-625FBE52EBFB}</UniqueIdentifier>
      <Extensions>h;hh;hpp;hxx;hm;inl;inc;ipp;xsd</Extensions>
    </Filter>
    <Filter Include="Resource Files">
      <UniqueIdentifier>{67DA6AB6-F800-4c08-8B7A-83BB121AAD01}</UniqueIdentifier>
      <Extensions>rc;ico;cur;bmp;dlg;rc2;rct;bin;rgs;gif;jpg;jpeg;jpe;resx;tiff;tif;png;wav;mfcribbon-ms</Extensions>
    </Filter>
  </ItemGroup>
  <ItemGroup>
    <ClInclude Include="include\pch.h">
      <Filter>Header Files</Filter>
    </ClInclude>
    <ClInclude Include="include\framework.h">
      <Filter>Header Files</Filter>
    </ClInclude>
    <ClInclude Include="include\ICloneable.h">
      <Filter>Header Files</Filter>
    </ClInclude>
    <ClInclude Include="include\ICollider.h">
      <Filter>Header Files</Filter>
    </ClInclude>
    <ClInclude Include="include\IIdentifiable.h">
      <Filter>Header Files</Filter>
    </ClInclude>
    <ClInclude Include="include\IRigidbody.h">
      <Filter>Header Files</Filter>
    </ClInclude>
    <ClInclude Include="include\IComponent.h">
      <Filter>Header Files</Filter>
    </ClInclude>
    <ClInclude Include="include\ITransformable.h">
      <Filter>Header Files</Filter>
    </ClInclude>
    <ClInclude Include="include\ILight.h">
      <Filter>Header Files</Filter>
    </ClInclude>
    <ClInclude Include="include\IRenderable.h">
      <Filter>Header Files</Filter>
    </ClInclude>
    <ClInclude Include="include\ShaderFeature.h">
      <Filter>Header Files</Filter>
    </ClInclude>
    <ClInclude Include="include\Parameter.h">
      <Filter>Header Files</Filter>
    </ClInclude>
    <ClInclude Include="include\ISystemPhysics.h">
      <Filter>Header Files</Filter>
    </ClInclude>
    <ClInclude Include="include\ISystem.h">
      <Filter>Header Files</Filter>
    </ClInclude>
    <ClInclude Include="include\I3DObject.h">
      <Filter>Header Files</Filter>
    </ClInclude>
    <ClInclude Include="include\Triangle3D.h">
      <Filter>Header Files</Filter>
    </ClInclude>
    <ClInclude Include="include\Vertex3D.h">
      <Filter>Header Files</Filter>
    </ClInclude>
    <ClInclude Include="include\IMesh.h">
      <Filter>Header Files</Filter>
    </ClInclude>
    <ClInclude Include="include\ITexture.h">
      <Filter>Header Files</Filter>
    </ClInclude>
    <ClInclude Include="include\ISystemUserControl.h">
      <Filter>Header Files</Filter>
    </ClInclude>
    <ClInclude Include="include\Scene.h">
      <Filter>Header Files</Filter>
    </ClInclude>
    <ClInclude Include="include\ICamera.h">
      <Filter>Header Files</Filter>
    </ClInclude>
    <ClInclude Include="include\Script.h">
      <Filter>Header Files</Filter>
    </ClInclude>
    <ClInclude Include="include\IExtendedInfo.h">
      <Filter>Header Files</Filter>
    </ClInclude>
    <ClInclude Include="include\ISystemSound.h">
      <Filter>Header Files</Filter>
    </ClInclude>
    <ClInclude Include="include\ISound.h">
      <Filter>Header Files</Filter>
    </ClInclude>
    <ClInclude Include="include\ISystemGUI.h">
      <Filter>Header Files</Filter>
    </ClInclude>
    <ClInclude Include="include\ISelectable.h">
      <Filter>Header Files</Filter>
    </ClInclude>
    <ClInclude Include="include\ISystemMesh.h">
      <Filter>Header Files</Filter>
    </ClInclude>
    <ClInclude Include="include\IColorable.h">
      <Filter>Header Files</Filter>
    </ClInclude>
    <ClInclude Include="include\IWorld.h">
      <Filter>Header Files</Filter>
    </ClInclude>
    <ClInclude Include="include\ITransform.h">
      <Filter>Header Files</Filter>
    </ClInclude>
    <ClInclude Include="include\ISystemAI.h">
      <Filter>Header Files</Filter>
    </ClInclude>
    <ClInclude Include="include\IAIBehavior.h">
      <Filter>Header Files</Filter>
    </ClInclude>
    <ClInclude Include="include\ParameterContainer.h">
      <Filter>Header Files</Filter>
    </ClInclude>
    <ClInclude Include="include\ICollidable.h">
      <Filter>Header Files</Filter>
    </ClInclude>
    <ClInclude Include="include\ISystemScripting.h">
      <Filter>Header Files</Filter>
    </ClInclude>
    <ClInclude Include="include\IFactory.h">
      <Filter>Header Files</Filter>
    </ClInclude>
    <ClInclude Include="include\IDisposable.h">
      <Filter>Header Files</Filter>
    </ClInclude>
    <ClInclude Include="include\IGraphicsBuffer.h">
      <Filter>Header Files</Filter>
    </ClInclude>
    <ClInclude Include="include\IScript.h">
      <Filter>Header Files</Filter>
    </ClInclude>
    <ClInclude Include="include\IScriptedAnimation.h">
      <Filter>Header Files</Filter>
    </ClInclude>
    <ClInclude Include="include\IShaderProgram.h">
      <Filter>Header Files</Filter>
    </ClInclude>
    <ClInclude Include="include\ISystemVideo.h">
      <Filter>Header Files</Filter>
    </ClInclude>
    <ClInclude Include="include\FrameTime.h">
      <Filter>Header Files</Filter>
    </ClInclude>
    <ClInclude Include="include\ScriptedAnimation.h">
      <Filter>Header Files</Filter>
    </ClInclude>
    <ClInclude Include="include\ISystemDataPersistency.h">
      <Filter>Header Files</Filter>
    </ClInclude>
    <ClInclude Include="include\ISoftbody.h">
      <Filter>Header Files</Filter>
    </ClInclude>
    <ClInclude Include="include\IUpdatable.h">
      <Filter>Header Files</Filter>
    </ClInclude>
    <ClInclude Include="include\ISkinnedMesh.h">
      <Filter>Header Files</Filter>
    </ClInclude>
    <ClInclude Include="include\ModelDef.h">
      <Filter>Header Files</Filter>
    </ClInclude>
    <ClInclude Include="include\IRender.h">
      <Filter>Header Files</Filter>
    </ClInclude>
    <ClInclude Include="include\IPhysicsComponent.h">
      <Filter>Header Files</Filter>
    </ClInclude>
    <ClInclude Include="include\ISoundComponent.h">
      <Filter>Header Files</Filter>
    </ClInclude>
    <ClInclude Include="include\ICloth.h">
      <Filter>Header Files</Filter>
    </ClInclude>
    <ClInclude Include="include\IClothRenderComponent.h">
      <Filter>Header Files</Filter>
    </ClInclude>
    <ClInclude Include="include\IIdentityComponent.h">
      <Filter>Header Files</Filter>
    </ClInclude>
    <ClInclude Include="include\Entity.h">
      <Filter>Header Files</Filter>
    </ClInclude>
    <ClInclude Include="include\IParticleMeshComponent.h">
      <Filter>Header Files</Filter>
    </ClInclude>
    <ClInclude Include="include\IParticleEmitter.h">
      <Filter>Header Files</Filter>
    </ClInclude>
    <ClInclude Include="include\IGLFragmentShader.h">
      <Filter>Header Files</Filter>
    </ClInclude>
    <ClInclude Include="include\IGLGeometryShader.h">
      <Filter>Header Files</Filter>
    </ClInclude>
    <ClInclude Include="include\IGLShader.h">
      <Filter>Header Files</Filter>
    </ClInclude>
    <ClInclude Include="include\IGLVertexShader.h">
      <Filter>Header Files</Filter>
    </ClInclude>
    <ClInclude Include="include\IShader.h">
      <Filter>Header Files</Filter>
    </ClInclude>
    <ClInclude Include="include\IShaderContainer.h">
      <Filter>Header Files</Filter>
    </ClInclude>
    <ClInclude Include="include\IFileReader.h">
      <Filter>Header Files</Filter>
    </ClInclude>
    <ClInclude Include="resource.h">
      <Filter>Header Files</Filter>
    </ClInclude>
  </ItemGroup>
  <ItemGroup>
    <ClCompile Include="src\pch.cpp">
      <Filter>Source Files</Filter>
    </ClCompile>
    <ClCompile Include="src\BellEngine.Interfaces.cpp">
      <Filter>Source Files</Filter>
    </ClCompile>
    <ClCompile Include="src\ShaderFeature.cpp">
      <Filter>Source Files</Filter>
    </ClCompile>
    <ClCompile Include="src\Script.cpp">
      <Filter>Source Files</Filter>
    </ClCompile>
    <ClCompile Include="src\Scene.cpp">
      <Filter>Source Files</Filter>
    </ClCompile>
    <ClCompile Include="include\IMeshComponent.h">
      <Filter>Source Files</Filter>
    </ClCompile>
    <ClCompile Include="include\IEntity.h">
      <Filter>Source Files</Filter>
    </ClCompile>
    <ClCompile Include="src\Entity.cpp">
      <Filter>Source Files</Filter>
    </ClCompile>
  </ItemGroup>
  <ItemGroup>
    <ResourceCompile Include="BellEngine.Interfaces.rc">
      <Filter>Resource Files</Filter>
    </ResourceCompile>
  </ItemGroup>
</Project>