
Microsoft Visual Studio Solution File, Format Version 12.00
# Visual Studio Version 16
VisualStudioVersion = 16.0.29306.81
MinimumVisualStudioVersion = 10.0.40219.1
Project("{8BC9CEB8-8B4A-11D0-8D11-00A0C91BC942}") = "Game", "Game\Game.vcxproj", "{158C894A-0FC9-424A-B55F-3E51B66D2428}"
	ProjectSection(ProjectDependencies) = postProject
		{8304DE0F-CA35-4C05-8A74-8B24DABA7951} = {8304DE0F-CA35-4C05-8A74-8B24DABA7951}
		{ECB9A91B-2640-48F9-B626-FE3C625C1732} = {ECB9A91B-2640-48F9-B626-FE3C625C1732}
		{FA42821C-3F7C-429C-BD98-4B0DC3858B59} = {FA42821C-3F7C-429C-BD98-4B0DC3858B59}
		{D1DB3637-A8D9-465F-9203-4B1423B32085} = {D1DB3637-A8D9-465F-9203-4B1423B32085}
		{8E91C73A-D080-4771-A216-04541F1DE2CF} = {8E91C73A-D080-4771-A216-04541F1DE2CF}
		{90E9D64A-7684-443C-97EA-F259AF32246D} = {90E9D64A-7684-443C-97EA-F259AF32246D}
		{F0184E69-514C-4CE0-8DF3-CDCDB5F1ABAA} = {F0184E69-514C-4CE0-8DF3-CDCDB5F1ABAA}
		{3C1D626D-EC1E-4B85-8C24-D59F57E5697F} = {3C1D626D-EC1E-4B85-8C24-D59F57E5697F}
		{DB795777-7D44-4BC3-9976-4FF25919270E} = {DB795777-7D44-4BC3-9976-4FF25919270E}
		{76AA5F7E-EEF9-4359-B2C7-8372B4E103D6} = {76AA5F7E-EEF9-4359-B2C7-8372B4E103D6}
		{AD3F6A98-BA73-4FE0-83F6-33EFFDD1B619} = {AD3F6A98-BA73-4FE0-83F6-33EFFDD1B619}
		{5D5B8DBD-3835-46AB-9857-ECE4FEEB8F73} = {5D5B8DBD-3835-46AB-9857-ECE4FEEB8F73}
		{DB4E83BE-6F27-4F32-9336-B227FC30A10A} = {DB4E83BE-6F27-4F32-9336-B227FC30A10A}
		{5EA079F9-E85E-4636-9E73-3C1F71B35E05} = {5EA079F9-E85E-4636-9E73-3C1F71B35E05}
		{E1C950FC-98B4-48E0-890A-BFF46C11B6A8} = {E1C950FC-98B4-48E0-890A-BFF46C11B6A8}
	EndProjectSection
EndProject
Project("{8BC9CEB8-8B4A-11D0-8D11-00A0C91BC942}") = "BellEngine.Interfaces", "BellEngine.Interfaces\BellEngine.Interfaces.vcxproj", "{AD3F6A98-BA73-4FE0-83F6-33EFFDD1B619}"
	ProjectSection(ProjectDependencies) = postProject
		{90E9D64A-7684-443C-97EA-F259AF32246D} = {90E9D64A-7684-443C-97EA-F259AF32246D}
		{F0184E69-514C-4CE0-8DF3-CDCDB5F1ABAA} = {F0184E69-514C-4CE0-8DF3-CDCDB5F1ABAA}
		{DB4E83BE-6F27-4F32-9336-B227FC30A10A} = {DB4E83BE-6F27-4F32-9336-B227FC30A10A}
	EndProjectSection
EndProject
Project("{8BC9CEB8-8B4A-11D0-8D11-00A0C91BC942}") = "BellEngine.Physics.Custom", "BellEngine.Physics.Custom\BellEngine.Physics.Custom.vcxproj", "{8304DE0F-CA35-4C05-8A74-8B24DABA7951}"
	ProjectSection(ProjectDependencies) = postProject
		{90E9D64A-7684-443C-97EA-F259AF32246D} = {90E9D64A-7684-443C-97EA-F259AF32246D}
		{F0184E69-514C-4CE0-8DF3-CDCDB5F1ABAA} = {F0184E69-514C-4CE0-8DF3-CDCDB5F1ABAA}
		{AD3F6A98-BA73-4FE0-83F6-33EFFDD1B619} = {AD3F6A98-BA73-4FE0-83F6-33EFFDD1B619}
		{DB4E83BE-6F27-4F32-9336-B227FC30A10A} = {DB4E83BE-6F27-4F32-9336-B227FC30A10A}
		{E1C950FC-98B4-48E0-890A-BFF46C11B6A8} = {E1C950FC-98B4-48E0-890A-BFF46C11B6A8}
	EndProjectSection
EndProject
Project("{8BC9CEB8-8B4A-11D0-8D11-00A0C91BC942}") = "BellEngine.Physics.Bullet", "BellEngine.Physics.Bullet\BellEngine.Physics.Bullet.vcxproj", "{5EA079F9-E85E-4636-9E73-3C1F71B35E05}"
	ProjectSection(ProjectDependencies) = postProject
		{F0184E69-514C-4CE0-8DF3-CDCDB5F1ABAA} = {F0184E69-514C-4CE0-8DF3-CDCDB5F1ABAA}
		{AD3F6A98-BA73-4FE0-83F6-33EFFDD1B619} = {AD3F6A98-BA73-4FE0-83F6-33EFFDD1B619}
		{DB4E83BE-6F27-4F32-9336-B227FC30A10A} = {DB4E83BE-6F27-4F32-9336-B227FC30A10A}
		{E1C950FC-98B4-48E0-890A-BFF46C11B6A8} = {E1C950FC-98B4-48E0-890A-BFF46C11B6A8}
	EndProjectSection
EndProject
Project("{8BC9CEB8-8B4A-11D0-8D11-00A0C91BC942}") = "BellEngine.Core", "BellEngine.Core\BellEngine.Core.vcxproj", "{E1C950FC-98B4-48E0-890A-BFF46C11B6A8}"
	ProjectSection(ProjectDependencies) = postProject
		{90E9D64A-7684-443C-97EA-F259AF32246D} = {90E9D64A-7684-443C-97EA-F259AF32246D}
		{F0184E69-514C-4CE0-8DF3-CDCDB5F1ABAA} = {F0184E69-514C-4CE0-8DF3-CDCDB5F1ABAA}
		{AD3F6A98-BA73-4FE0-83F6-33EFFDD1B619} = {AD3F6A98-BA73-4FE0-83F6-33EFFDD1B619}
		{DB4E83BE-6F27-4F32-9336-B227FC30A10A} = {DB4E83BE-6F27-4F32-9336-B227FC30A10A}
	EndProjectSection
EndProject
Project("{8BC9CEB8-8B4A-11D0-8D11-00A0C91BC942}") = "BellEngine.Utilities", "BellEngine.Utilities\BellEngine.Utilities.vcxproj", "{90E9D64A-7684-443C-97EA-F259AF32246D}"
	ProjectSection(ProjectDependencies) = postProject
		{F0184E69-514C-4CE0-8DF3-CDCDB5F1ABAA} = {F0184E69-514C-4CE0-8DF3-CDCDB5F1ABAA}
	EndProjectSection
EndProject
Project("{8BC9CEB8-8B4A-11D0-8D11-00A0C91BC942}") = "BellEngine.GL", "BellEngine.GL\BellEngine.GL.vcxproj", "{DB4E83BE-6F27-4F32-9336-B227FC30A10A}"
EndProject
Project("{8BC9CEB8-8B4A-11D0-8D11-00A0C91BC942}") = "BellEngine.Sound.OpenAL", "BellEngine.Sound.OpenAL\BellEngine.Sound.OpenAL.vcxproj", "{76AA5F7E-EEF9-4359-B2C7-8372B4E103D6}"
	ProjectSection(ProjectDependencies) = postProject
		{90E9D64A-7684-443C-97EA-F259AF32246D} = {90E9D64A-7684-443C-97EA-F259AF32246D}
		{F0184E69-514C-4CE0-8DF3-CDCDB5F1ABAA} = {F0184E69-514C-4CE0-8DF3-CDCDB5F1ABAA}
		{AD3F6A98-BA73-4FE0-83F6-33EFFDD1B619} = {AD3F6A98-BA73-4FE0-83F6-33EFFDD1B619}
		{DB4E83BE-6F27-4F32-9336-B227FC30A10A} = {DB4E83BE-6F27-4F32-9336-B227FC30A10A}
		{E1C950FC-98B4-48E0-890A-BFF46C11B6A8} = {E1C950FC-98B4-48E0-890A-BFF46C11B6A8}
	EndProjectSection
EndProject
Project("{8BC9CEB8-8B4A-11D0-8D11-00A0C91BC942}") = "BellEngine.Mesh.Assimp", "BellEngine.Mesh.Assimp\BellEngine.Mesh.Assimp.vcxproj", "{ECB9A91B-2640-48F9-B626-FE3C625C1732}"
	ProjectSection(ProjectDependencies) = postProject
		{90E9D64A-7684-443C-97EA-F259AF32246D} = {90E9D64A-7684-443C-97EA-F259AF32246D}
		{F0184E69-514C-4CE0-8DF3-CDCDB5F1ABAA} = {F0184E69-514C-4CE0-8DF3-CDCDB5F1ABAA}
		{AD3F6A98-BA73-4FE0-83F6-33EFFDD1B619} = {AD3F6A98-BA73-4FE0-83F6-33EFFDD1B619}
		{DB4E83BE-6F27-4F32-9336-B227FC30A10A} = {DB4E83BE-6F27-4F32-9336-B227FC30A10A}
		{E1C950FC-98B4-48E0-890A-BFF46C11B6A8} = {E1C950FC-98B4-48E0-890A-BFF46C11B6A8}
	EndProjectSection
EndProject
Project("{8BC9CEB8-8B4A-11D0-8D11-00A0C91BC942}") = "BellEngine.Mesh.PlyReader", "BellEngine.Mesh.PlyReader\BellEngine.Mesh.PlyReader.vcxproj", "{5D5B8DBD-3835-46AB-9857-ECE4FEEB8F73}"
	ProjectSection(ProjectDependencies) = postProject
		{90E9D64A-7684-443C-97EA-F259AF32246D} = {90E9D64A-7684-443C-97EA-F259AF32246D}
		{F0184E69-514C-4CE0-8DF3-CDCDB5F1ABAA} = {F0184E69-514C-4CE0-8DF3-CDCDB5F1ABAA}
		{AD3F6A98-BA73-4FE0-83F6-33EFFDD1B619} = {AD3F6A98-BA73-4FE0-83F6-33EFFDD1B619}
		{DB4E83BE-6F27-4F32-9336-B227FC30A10A} = {DB4E83BE-6F27-4F32-9336-B227FC30A10A}
		{E1C950FC-98B4-48E0-890A-BFF46C11B6A8} = {E1C950FC-98B4-48E0-890A-BFF46C11B6A8}
	EndProjectSection
EndProject
Project("{8BC9CEB8-8B4A-11D0-8D11-00A0C91BC942}") = "BellEngine.AI.Custom", "BellEngine.AI.Custom\BellEngine.AI.Custom.vcxproj", "{3C1D626D-EC1E-4B85-8C24-D59F57E5697F}"
	ProjectSection(ProjectDependencies) = postProject
		{90E9D64A-7684-443C-97EA-F259AF32246D} = {90E9D64A-7684-443C-97EA-F259AF32246D}
		{F0184E69-514C-4CE0-8DF3-CDCDB5F1ABAA} = {F0184E69-514C-4CE0-8DF3-CDCDB5F1ABAA}
		{AD3F6A98-BA73-4FE0-83F6-33EFFDD1B619} = {AD3F6A98-BA73-4FE0-83F6-33EFFDD1B619}
		{DB4E83BE-6F27-4F32-9336-B227FC30A10A} = {DB4E83BE-6F27-4F32-9336-B227FC30A10A}
		{E1C950FC-98B4-48E0-890A-BFF46C11B6A8} = {E1C950FC-98B4-48E0-890A-BFF46C11B6A8}
	EndProjectSection
EndProject
Project("{8BC9CEB8-8B4A-11D0-8D11-00A0C91BC942}") = "BellEngine.VertexAnimation.Assimp", "BellEngine.VertexAnimation.Assimp\BellEngine.VertexAnimation.Assimp.vcxproj", "{D1DB3637-A8D9-465F-9203-4B1423B32085}"
	ProjectSection(ProjectDependencies) = postProject
		{90E9D64A-7684-443C-97EA-F259AF32246D} = {90E9D64A-7684-443C-97EA-F259AF32246D}
		{F0184E69-514C-4CE0-8DF3-CDCDB5F1ABAA} = {F0184E69-514C-4CE0-8DF3-CDCDB5F1ABAA}
		{AD3F6A98-BA73-4FE0-83F6-33EFFDD1B619} = {AD3F6A98-BA73-4FE0-83F6-33EFFDD1B619}
		{DB4E83BE-6F27-4F32-9336-B227FC30A10A} = {DB4E83BE-6F27-4F32-9336-B227FC30A10A}
	EndProjectSection
EndProject
Project("{8BC9CEB8-8B4A-11D0-8D11-00A0C91BC942}") = "BellEngine.Scripting.Lua", "BellEngine.Scripting.Lua\BellEngine.Scripting.Lua.vcxproj", "{FA42821C-3F7C-429C-BD98-4B0DC3858B59}"
	ProjectSection(ProjectDependencies) = postProject
		{90E9D64A-7684-443C-97EA-F259AF32246D} = {90E9D64A-7684-443C-97EA-F259AF32246D}
		{F0184E69-514C-4CE0-8DF3-CDCDB5F1ABAA} = {F0184E69-514C-4CE0-8DF3-CDCDB5F1ABAA}
		{AD3F6A98-BA73-4FE0-83F6-33EFFDD1B619} = {AD3F6A98-BA73-4FE0-83F6-33EFFDD1B619}
		{DB4E83BE-6F27-4F32-9336-B227FC30A10A} = {DB4E83BE-6F27-4F32-9336-B227FC30A10A}
		{E1C950FC-98B4-48E0-890A-BFF46C11B6A8} = {E1C950FC-98B4-48E0-890A-BFF46C11B6A8}
	EndProjectSection
EndProject
Project("{8BC9CEB8-8B4A-11D0-8D11-00A0C91BC942}") = "Game.Persistency.XML", "Game.Persistency.XML\Game.Persistency.XML.vcxproj", "{DB795777-7D44-4BC3-9976-4FF25919270E}"
	ProjectSection(ProjectDependencies) = postProject
		{D1DB3637-A8D9-465F-9203-4B1423B32085} = {D1DB3637-A8D9-465F-9203-4B1423B32085}
		{8E91C73A-D080-4771-A216-04541F1DE2CF} = {8E91C73A-D080-4771-A216-04541F1DE2CF}
		{90E9D64A-7684-443C-97EA-F259AF32246D} = {90E9D64A-7684-443C-97EA-F259AF32246D}
		{F0184E69-514C-4CE0-8DF3-CDCDB5F1ABAA} = {F0184E69-514C-4CE0-8DF3-CDCDB5F1ABAA}
		{AD3F6A98-BA73-4FE0-83F6-33EFFDD1B619} = {AD3F6A98-BA73-4FE0-83F6-33EFFDD1B619}
		{DB4E83BE-6F27-4F32-9336-B227FC30A10A} = {DB4E83BE-6F27-4F32-9336-B227FC30A10A}
		{E1C950FC-98B4-48E0-890A-BFF46C11B6A8} = {E1C950FC-98B4-48E0-890A-BFF46C11B6A8}
	EndProjectSection
EndProject
Project("{8BC9CEB8-8B4A-11D0-8D11-00A0C91BC942}") = "BellEngine.Video.Custom", "BellEngine.Video.Custom\BellEngine.Video.Custom.vcxproj", "{8E91C73A-D080-4771-A216-04541F1DE2CF}"
	ProjectSection(ProjectDependencies) = postProject
		{90E9D64A-7684-443C-97EA-F259AF32246D} = {90E9D64A-7684-443C-97EA-F259AF32246D}
		{F0184E69-514C-4CE0-8DF3-CDCDB5F1ABAA} = {F0184E69-514C-4CE0-8DF3-CDCDB5F1ABAA}
		{AD3F6A98-BA73-4FE0-83F6-33EFFDD1B619} = {AD3F6A98-BA73-4FE0-83F6-33EFFDD1B619}
		{DB4E83BE-6F27-4F32-9336-B227FC30A10A} = {DB4E83BE-6F27-4F32-9336-B227FC30A10A}
	EndProjectSection
EndProject
Project("{8BC9CEB8-8B4A-11D0-8D11-00A0C91BC942}") = "BellEngine.Common", "BellEngine.Common\BellEngine.Common.vcxproj", "{F0184E69-514C-4CE0-8DF3-CDCDB5F1ABAA}"
EndProject
Project("{930C7802-8A8C-48F9-8165-68863BCCD9DD}") = "Game.Setup", "Game.Setup\Game.Setup.wixproj", "{0056CFF9-AB7F-4698-830F-F5509C7C8645}"
	ProjectSection(ProjectDependencies) = postProject
		{8304DE0F-CA35-4C05-8A74-8B24DABA7951} = {8304DE0F-CA35-4C05-8A74-8B24DABA7951}
		{ECB9A91B-2640-48F9-B626-FE3C625C1732} = {ECB9A91B-2640-48F9-B626-FE3C625C1732}
		{FA42821C-3F7C-429C-BD98-4B0DC3858B59} = {FA42821C-3F7C-429C-BD98-4B0DC3858B59}
		{D1DB3637-A8D9-465F-9203-4B1423B32085} = {D1DB3637-A8D9-465F-9203-4B1423B32085}
		{8E91C73A-D080-4771-A216-04541F1DE2CF} = {8E91C73A-D080-4771-A216-04541F1DE2CF}
		{158C894A-0FC9-424A-B55F-3E51B66D2428} = {158C894A-0FC9-424A-B55F-3E51B66D2428}
		{90E9D64A-7684-443C-97EA-F259AF32246D} = {90E9D64A-7684-443C-97EA-F259AF32246D}
		{F0184E69-514C-4CE0-8DF3-CDCDB5F1ABAA} = {F0184E69-514C-4CE0-8DF3-CDCDB5F1ABAA}
		{3C1D626D-EC1E-4B85-8C24-D59F57E5697F} = {3C1D626D-EC1E-4B85-8C24-D59F57E5697F}
		{DB795777-7D44-4BC3-9976-4FF25919270E} = {DB795777-7D44-4BC3-9976-4FF25919270E}
		{76AA5F7E-EEF9-4359-B2C7-8372B4E103D6} = {76AA5F7E-EEF9-4359-B2C7-8372B4E103D6}
		{AD3F6A98-BA73-4FE0-83F6-33EFFDD1B619} = {AD3F6A98-BA73-4FE0-83F6-33EFFDD1B619}
		{5D5B8DBD-3835-46AB-9857-ECE4FEEB8F73} = {5D5B8DBD-3835-46AB-9857-ECE4FEEB8F73}
		{DB4E83BE-6F27-4F32-9336-B227FC30A10A} = {DB4E83BE-6F27-4F32-9336-B227FC30A10A}
		{5EA079F9-E85E-4636-9E73-3C1F71B35E05} = {5EA079F9-E85E-4636-9E73-3C1F71B35E05}
		{E1C950FC-98B4-48E0-890A-BFF46C11B6A8} = {E1C950FC-98B4-48E0-890A-BFF46C11B6A8}
	EndProjectSection
EndProject
Project("{930C7802-8A8C-48F9-8165-68863BCCD9DD}") = "Game.Setup.Full", "Game.Setup.Full\Game.Setup.Full.wixproj", "{8BB75F6E-2214-432C-BBE5-DDB8C8C33F8D}"
	ProjectSection(ProjectDependencies) = postProject
		{0056CFF9-AB7F-4698-830F-F5509C7C8645} = {0056CFF9-AB7F-4698-830F-F5509C7C8645}
	EndProjectSection
EndProject
Global
	GlobalSection(SolutionConfigurationPlatforms) = preSolution
		Debug|x64 = Debug|x64
		Debug|x86 = Debug|x86
		Release|x64 = Release|x64
		Release|x86 = Release|x86
	EndGlobalSection
	GlobalSection(ProjectConfigurationPlatforms) = postSolution
		{158C894A-0FC9-424A-B55F-3E51B66D2428}.Debug|x64.ActiveCfg = Debug|x64
		{158C894A-0FC9-424A-B55F-3E51B66D2428}.Debug|x64.Build.0 = Debug|x64
		{158C894A-0FC9-424A-B55F-3E51B66D2428}.Debug|x86.ActiveCfg = Debug|Win32
		{158C894A-0FC9-424A-B55F-3E51B66D2428}.Debug|x86.Build.0 = Debug|Win32
		{158C894A-0FC9-424A-B55F-3E51B66D2428}.Release|x64.ActiveCfg = Release|x64
		{158C894A-0FC9-424A-B55F-3E51B66D2428}.Release|x64.Build.0 = Release|x64
		{158C894A-0FC9-424A-B55F-3E51B66D2428}.Release|x86.ActiveCfg = Release|Win32
		{158C894A-0FC9-424A-B55F-3E51B66D2428}.Release|x86.Build.0 = Release|Win32
		{AD3F6A98-BA73-4FE0-83F6-33EFFDD1B619}.Debug|x64.ActiveCfg = Debug|x64
		{AD3F6A98-BA73-4FE0-83F6-33EFFDD1B619}.Debug|x64.Build.0 = Debug|x64
		{AD3F6A98-BA73-4FE0-83F6-33EFFDD1B619}.Debug|x86.ActiveCfg = Debug|Win32
		{AD3F6A98-BA73-4FE0-83F6-33EFFDD1B619}.Debug|x86.Build.0 = Debug|Win32
		{AD3F6A98-BA73-4FE0-83F6-33EFFDD1B619}.Release|x64.ActiveCfg = Release|x64
		{AD3F6A98-BA73-4FE0-83F6-33EFFDD1B619}.Release|x64.Build.0 = Release|x64
		{AD3F6A98-BA73-4FE0-83F6-33EFFDD1B619}.Release|x86.ActiveCfg = Release|Win32
		{AD3F6A98-BA73-4FE0-83F6-33EFFDD1B619}.Release|x86.Build.0 = Release|Win32
		{8304DE0F-CA35-4C05-8A74-8B24DABA7951}.Debug|x64.ActiveCfg = Debug|x64
		{8304DE0F-CA35-4C05-8A74-8B24DABA7951}.Debug|x64.Build.0 = Debug|x64
		{8304DE0F-CA35-4C05-8A74-8B24DABA7951}.Debug|x86.ActiveCfg = Debug|Win32
		{8304DE0F-CA35-4C05-8A74-8B24DABA7951}.Debug|x86.Build.0 = Debug|Win32
		{8304DE0F-CA35-4C05-8A74-8B24DABA7951}.Release|x64.ActiveCfg = Release|x64
		{8304DE0F-CA35-4C05-8A74-8B24DABA7951}.Release|x64.Build.0 = Release|x64
		{8304DE0F-CA35-4C05-8A74-8B24DABA7951}.Release|x86.ActiveCfg = Release|Win32
		{8304DE0F-CA35-4C05-8A74-8B24DABA7951}.Release|x86.Build.0 = Release|Win32
		{5EA079F9-E85E-4636-9E73-3C1F71B35E05}.Debug|x64.ActiveCfg = Debug|x64
		{5EA079F9-E85E-4636-9E73-3C1F71B35E05}.Debug|x64.Build.0 = Debug|x64
		{5EA079F9-E85E-4636-9E73-3C1F71B35E05}.Debug|x86.ActiveCfg = Debug|Win32
		{5EA079F9-E85E-4636-9E73-3C1F71B35E05}.Debug|x86.Build.0 = Debug|Win32
		{5EA079F9-E85E-4636-9E73-3C1F71B35E05}.Release|x64.ActiveCfg = Release|x64
		{5EA079F9-E85E-4636-9E73-3C1F71B35E05}.Release|x64.Build.0 = Release|x64
		{5EA079F9-E85E-4636-9E73-3C1F71B35E05}.Release|x86.ActiveCfg = Release|Win32
		{5EA079F9-E85E-4636-9E73-3C1F71B35E05}.Release|x86.Build.0 = Release|Win32
		{E1C950FC-98B4-48E0-890A-BFF46C11B6A8}.Debug|x64.ActiveCfg = Debug|x64
		{E1C950FC-98B4-48E0-890A-BFF46C11B6A8}.Debug|x64.Build.0 = Debug|x64
		{E1C950FC-98B4-48E0-890A-BFF46C11B6A8}.Debug|x86.ActiveCfg = Debug|Win32
		{E1C950FC-98B4-48E0-890A-BFF46C11B6A8}.Debug|x86.Build.0 = Debug|Win32
		{E1C950FC-98B4-48E0-890A-BFF46C11B6A8}.Release|x64.ActiveCfg = Release|x64
		{E1C950FC-98B4-48E0-890A-BFF46C11B6A8}.Release|x64.Build.0 = Release|x64
		{E1C950FC-98B4-48E0-890A-BFF46C11B6A8}.Release|x86.ActiveCfg = Release|Win32
		{E1C950FC-98B4-48E0-890A-BFF46C11B6A8}.Release|x86.Build.0 = Release|Win32
		{90E9D64A-7684-443C-97EA-F259AF32246D}.Debug|x64.ActiveCfg = Debug|x64
		{90E9D64A-7684-443C-97EA-F259AF32246D}.Debug|x64.Build.0 = Debug|x64
		{90E9D64A-7684-443C-97EA-F259AF32246D}.Debug|x86.ActiveCfg = Debug|Win32
		{90E9D64A-7684-443C-97EA-F259AF32246D}.Debug|x86.Build.0 = Debug|Win32
		{90E9D64A-7684-443C-97EA-F259AF32246D}.Release|x64.ActiveCfg = Release|x64
		{90E9D64A-7684-443C-97EA-F259AF32246D}.Release|x64.Build.0 = Release|x64
		{90E9D64A-7684-443C-97EA-F259AF32246D}.Release|x86.ActiveCfg = Release|Win32
		{90E9D64A-7684-443C-97EA-F259AF32246D}.Release|x86.Build.0 = Release|Win32
		{DB4E83BE-6F27-4F32-9336-B227FC30A10A}.Debug|x64.ActiveCfg = Debug|x64
		{DB4E83BE-6F27-4F32-9336-B227FC30A10A}.Debug|x64.Build.0 = Debug|x64
		{DB4E83BE-6F27-4F32-9336-B227FC30A10A}.Debug|x86.ActiveCfg = Debug|Win32
		{DB4E83BE-6F27-4F32-9336-B227FC30A10A}.Debug|x86.Build.0 = Debug|Win32
		{DB4E83BE-6F27-4F32-9336-B227FC30A10A}.Release|x64.ActiveCfg = Release|x64
		{DB4E83BE-6F27-4F32-9336-B227FC30A10A}.Release|x64.Build.0 = Release|x64
		{DB4E83BE-6F27-4F32-9336-B227FC30A10A}.Release|x86.ActiveCfg = Release|Win32
		{DB4E83BE-6F27-4F32-9336-B227FC30A10A}.Release|x86.Build.0 = Release|Win32
		{76AA5F7E-EEF9-4359-B2C7-8372B4E103D6}.Debug|x64.ActiveCfg = Debug|x64
		{76AA5F7E-EEF9-4359-B2C7-8372B4E103D6}.Debug|x64.Build.0 = Debug|x64
		{76AA5F7E-EEF9-4359-B2C7-8372B4E103D6}.Debug|x86.ActiveCfg = Debug|Win32
		{76AA5F7E-EEF9-4359-B2C7-8372B4E103D6}.Debug|x86.Build.0 = Debug|Win32
		{76AA5F7E-EEF9-4359-B2C7-8372B4E103D6}.Release|x64.ActiveCfg = Release|x64
		{76AA5F7E-EEF9-4359-B2C7-8372B4E103D6}.Release|x64.Build.0 = Release|x64
		{76AA5F7E-EEF9-4359-B2C7-8372B4E103D6}.Release|x86.ActiveCfg = Release|Win32
		{76AA5F7E-EEF9-4359-B2C7-8372B4E103D6}.Release|x86.Build.0 = Release|Win32
		{ECB9A91B-2640-48F9-B626-FE3C625C1732}.Debug|x64.ActiveCfg = Debug|x64
		{ECB9A91B-2640-48F9-B626-FE3C625C1732}.Debug|x64.Build.0 = Debug|x64
		{ECB9A91B-2640-48F9-B626-FE3C625C1732}.Debug|x86.ActiveCfg = Debug|Win32
		{ECB9A91B-2640-48F9-B626-FE3C625C1732}.Debug|x86.Build.0 = Debug|Win32
		{ECB9A91B-2640-48F9-B626-FE3C625C1732}.Release|x64.ActiveCfg = Release|x64
		{ECB9A91B-2640-48F9-B626-FE3C625C1732}.Release|x64.Build.0 = Release|x64
		{ECB9A91B-2640-48F9-B626-FE3C625C1732}.Release|x86.ActiveCfg = Release|Win32
		{ECB9A91B-2640-48F9-B626-FE3C625C1732}.Release|x86.Build.0 = Release|Win32
		{5D5B8DBD-3835-46AB-9857-ECE4FEEB8F73}.Debug|x64.ActiveCfg = Debug|x64
		{5D5B8DBD-3835-46AB-9857-ECE4FEEB8F73}.Debug|x64.Build.0 = Debug|x64
		{5D5B8DBD-3835-46AB-9857-ECE4FEEB8F73}.Debug|x86.ActiveCfg = Debug|Win32
		{5D5B8DBD-3835-46AB-9857-ECE4FEEB8F73}.Debug|x86.Build.0 = Debug|Win32
		{5D5B8DBD-3835-46AB-9857-ECE4FEEB8F73}.Release|x64.ActiveCfg = Release|x64
		{5D5B8DBD-3835-46AB-9857-ECE4FEEB8F73}.Release|x64.Build.0 = Release|x64
		{5D5B8DBD-3835-46AB-9857-ECE4FEEB8F73}.Release|x86.ActiveCfg = Release|Win32
		{5D5B8DBD-3835-46AB-9857-ECE4FEEB8F73}.Release|x86.Build.0 = Release|Win32
		{3C1D626D-EC1E-4B85-8C24-D59F57E5697F}.Debug|x64.ActiveCfg = Debug|x64
		{3C1D626D-EC1E-4B85-8C24-D59F57E5697F}.Debug|x64.Build.0 = Debug|x64
		{3C1D626D-EC1E-4B85-8C24-D59F57E5697F}.Debug|x86.ActiveCfg = Debug|Win32
		{3C1D626D-EC1E-4B85-8C24-D59F57E5697F}.Debug|x86.Build.0 = Debug|Win32
		{3C1D626D-EC1E-4B85-8C24-D59F57E5697F}.Release|x64.ActiveCfg = Release|x64
		{3C1D626D-EC1E-4B85-8C24-D59F57E5697F}.Release|x64.Build.0 = Release|x64
		{3C1D626D-EC1E-4B85-8C24-D59F57E5697F}.Release|x86.ActiveCfg = Release|Win32
		{3C1D626D-EC1E-4B85-8C24-D59F57E5697F}.Release|x86.Build.0 = Release|Win32
		{D1DB3637-A8D9-465F-9203-4B1423B32085}.Debug|x64.ActiveCfg = Debug|x64
		{D1DB3637-A8D9-465F-9203-4B1423B32085}.Debug|x64.Build.0 = Debug|x64
		{D1DB3637-A8D9-465F-9203-4B1423B32085}.Debug|x86.ActiveCfg = Debug|Win32
		{D1DB3637-A8D9-465F-9203-4B1423B32085}.Debug|x86.Build.0 = Debug|Win32
		{D1DB3637-A8D9-465F-9203-4B1423B32085}.Release|x64.ActiveCfg = Release|x64
		{D1DB3637-A8D9-465F-9203-4B1423B32085}.Release|x64.Build.0 = Release|x64
		{D1DB3637-A8D9-465F-9203-4B1423B32085}.Release|x86.ActiveCfg = Release|Win32
		{D1DB3637-A8D9-465F-9203-4B1423B32085}.Release|x86.Build.0 = Release|Win32
		{FA42821C-3F7C-429C-BD98-4B0DC3858B59}.Debug|x64.ActiveCfg = Debug|x64
		{FA42821C-3F7C-429C-BD98-4B0DC3858B59}.Debug|x64.Build.0 = Debug|x64
		{FA42821C-3F7C-429C-BD98-4B0DC3858B59}.Debug|x86.ActiveCfg = Debug|Win32
		{FA42821C-3F7C-429C-BD98-4B0DC3858B59}.Debug|x86.Build.0 = Debug|Win32
		{FA42821C-3F7C-429C-BD98-4B0DC3858B59}.Release|x64.ActiveCfg = Release|x64
		{FA42821C-3F7C-429C-BD98-4B0DC3858B59}.Release|x64.Build.0 = Release|x64
		{FA42821C-3F7C-429C-BD98-4B0DC3858B59}.Release|x86.ActiveCfg = Release|Win32
		{FA42821C-3F7C-429C-BD98-4B0DC3858B59}.Release|x86.Build.0 = Release|Win32
		{DB795777-7D44-4BC3-9976-4FF25919270E}.Debug|x64.ActiveCfg = Debug|x64
		{DB795777-7D44-4BC3-9976-4FF25919270E}.Debug|x64.Build.0 = Debug|x64
		{DB795777-7D44-4BC3-9976-4FF25919270E}.Debug|x86.ActiveCfg = Debug|Win32
		{DB795777-7D44-4BC3-9976-4FF25919270E}.Debug|x86.Build.0 = Debug|Win32
		{DB795777-7D44-4BC3-9976-4FF25919270E}.Release|x64.ActiveCfg = Release|x64
		{DB795777-7D44-4BC3-9976-4FF25919270E}.Release|x64.Build.0 = Release|x64
		{DB795777-7D44-4BC3-9976-4FF25919270E}.Release|x86.ActiveCfg = Release|Win32
		{DB795777-7D44-4BC3-9976-4FF25919270E}.Release|x86.Build.0 = Release|Win32
		{8E91C73A-D080-4771-A216-04541F1DE2CF}.Debug|x64.ActiveCfg = Debug|x64
		{8E91C73A-D080-4771-A216-04541F1DE2CF}.Debug|x64.Build.0 = Debug|x64
		{8E91C73A-D080-4771-A216-04541F1DE2CF}.Debug|x86.ActiveCfg = Debug|Win32
		{8E91C73A-D080-4771-A216-04541F1DE2CF}.Debug|x86.Build.0 = Debug|Win32
		{8E91C73A-D080-4771-A216-04541F1DE2CF}.Release|x64.ActiveCfg = Release|x64
		{8E91C73A-D080-4771-A216-04541F1DE2CF}.Release|x64.Build.0 = Release|x64
		{8E91C73A-D080-4771-A216-04541F1DE2CF}.Release|x86.ActiveCfg = Release|Win32
		{8E91C73A-D080-4771-A216-04541F1DE2CF}.Release|x86.Build.0 = Release|Win32
		{F0184E69-514C-4CE0-8DF3-CDCDB5F1ABAA}.Debug|x64.ActiveCfg = Debug|x64
		{F0184E69-514C-4CE0-8DF3-CDCDB5F1ABAA}.Debug|x64.Build.0 = Debug|x64
		{F0184E69-514C-4CE0-8DF3-CDCDB5F1ABAA}.Debug|x86.ActiveCfg = Debug|Win32
		{F0184E69-514C-4CE0-8DF3-CDCDB5F1ABAA}.Debug|x86.Build.0 = Debug|Win32
		{F0184E69-514C-4CE0-8DF3-CDCDB5F1ABAA}.Release|x64.ActiveCfg = Release|x64
		{F0184E69-514C-4CE0-8DF3-CDCDB5F1ABAA}.Release|x64.Build.0 = Release|x64
		{F0184E69-514C-4CE0-8DF3-CDCDB5F1ABAA}.Release|x86.ActiveCfg = Release|Win32
		{F0184E69-514C-4CE0-8DF3-CDCDB5F1ABAA}.Release|x86.Build.0 = Release|Win32
		{0056CFF9-AB7F-4698-830F-F5509C7C8645}.Debug|x64.ActiveCfg = Debug|x86
		{0056CFF9-AB7F-4698-830F-F5509C7C8645}.Debug|x86.ActiveCfg = Debug|x86
		{0056CFF9-AB7F-4698-830F-F5509C7C8645}.Release|x64.ActiveCfg = Release|x86
		{0056CFF9-AB7F-4698-830F-F5509C7C8645}.Release|x64.Build.0 = Release|x86
		{0056CFF9-AB7F-4698-830F-F5509C7C8645}.Release|x86.ActiveCfg = Release|x86
		{0056CFF9-AB7F-4698-830F-F5509C7C8645}.Release|x86.Build.0 = Release|x86
		{8BB75F6E-2214-432C-BBE5-DDB8C8C33F8D}.Debug|x64.ActiveCfg = Debug|x86
		{8BB75F6E-2214-432C-BBE5-DDB8C8C33F8D}.Debug|x86.ActiveCfg = Debug|x86
		{8BB75F6E-2214-432C-BBE5-DDB8C8C33F8D}.Release|x64.ActiveCfg = Release|x86
		{8BB75F6E-2214-432C-BBE5-DDB8C8C33F8D}.Release|x64.Build.0 = Release|x86
		{8BB75F6E-2214-432C-BBE5-DDB8C8C33F8D}.Release|x86.ActiveCfg = Release|x86
		{8BB75F6E-2214-432C-BBE5-DDB8C8C33F8D}.Release|x86.Build.0 = Release|x86
	EndGlobalSection
	GlobalSection(SolutionProperties) = preSolution
		HideSolutionNode = FALSE
	EndGlobalSection
	GlobalSection(ExtensibilityGlobals) = postSolution
		SolutionGuid = {97A84A92-A4A6-4A12-B3EA-308345E892FD}
	EndGlobalSection
EndGlobal
