<?xml version="1.0" encoding="utf-8"?>
<Project ToolsVersion="4.0" xmlns="http://schemas.microsoft.com/developer/msbuild/2003">
  <ItemGroup>
    <Filter Include="Source Files">
      <UniqueIdentifier>{4FC737F1-C7A5-4376-A066-2A32D752A2FF}</UniqueIdentifier>
      <Extensions>cpp;c;cc;cxx;def;odl;idl;hpj;bat;asm;asmx</Extensions>
    </Filter>
    <Filter Include="Header Files">
      <UniqueIdentifier>{93995380-89BD-4b04-88EB-625FBE52EBFB}</UniqueIdentifier>
      <Extensions>h;hh;hpp;hxx;hm;inl;inc;ipp;xsd</Extensions>
    </Filter>
    <Filter Include="Resource Files">
      <UniqueIdentifier>{67DA6AB6-F800-4c08-8B7A-83BB121AAD01}</UniqueIdentifier>
      <Extensions>rc;ico;cur;bmp;dlg;rc2;rct;bin;rgs;gif;jpg;jpeg;jpe;resx;tiff;tif;png;wav;mfcribbon-ms</Extensions>
    </Filter>
  </ItemGroup>
  <ItemGroup>
    <ClInclude Include="include\framework.h">
      <Filter>Header Files</Filter>
    </ClInclude>
    <ClInclude Include="include\pch.h">
      <Filter>Header Files</Filter>
    </ClInclude>
    <ClInclude Include="include\SystemAI.h">
      <Filter>Header Files</Filter>
    </ClInclude>
    <ClInclude Include="include\AIBehaviorFactory.h">
      <Filter>Header Files</Filter>
    </ClInclude>
    <ClInclude Include="AIBehavior\include\EvadeByMatch.h">
      <Filter>Header Files</Filter>
    </ClInclude>
    <ClInclude Include="AIBehavior\include\Pursue.h">
      <Filter>Header Files</Filter>
    </ClInclude>
    <ClInclude Include="AIBehavior\include\Seek.h">
      <Filter>Header Files</Filter>
    </ClInclude>
    <ClInclude Include="AIBehavior\include\Flee.h">
      <Filter>Header Files</Filter>
    </ClInclude>
    <ClInclude Include="AIBehavior\include\Evade.h">
      <Filter>Header Files</Filter>
    </ClInclude>
    <ClInclude Include="AIBehavior\include\Wander.h">
      <Filter>Header Files</Filter>
    </ClInclude>
    <ClInclude Include="AIBehavior\include\LookAtTarget.h">
      <Filter>Header Files</Filter>
    </ClInclude>
    <ClInclude Include="AIBehavior\include\ShootAt.h">
      <Filter>Header Files</Filter>
    </ClInclude>
    <ClInclude Include="AIBehavior\include\LookAtMovingDirection.h">
      <Filter>Header Files</Filter>
    </ClInclude>
    <ClInclude Include="AIBehavior\include\Flocking.h">
      <Filter>Header Files</Filter>
    </ClInclude>
    <ClInclude Include="AIBehavior\include\PathFollowing.h">
      <Filter>Header Files</Filter>
    </ClInclude>
    <ClInclude Include="AIBehavior\include\IPathFinding.h">
      <Filter>Header Files</Filter>
    </ClInclude>
    <ClInclude Include="AIBehavior\include\Graph.h">
      <Filter>Header Files</Filter>
    </ClInclude>
    <ClInclude Include="AIBehavior\include\Formation.h">
      <Filter>Header Files</Filter>
    </ClInclude>
    <ClInclude Include="AIBehavior\include\AxisRotation.h">
      <Filter>Header Files</Filter>
    </ClInclude>
    <ClInclude Include="AIBehavior\include\PathFindingAStar.h">
      <Filter>Header Files</Filter>
    </ClInclude>
    <ClInclude Include="AIBehavior\include\PathFindingDjikstra.h">
      <Filter>Header Files</Filter>
    </ClInclude>
    <ClInclude Include="AIBehavior\include\PathFindingDepthFirst.h">
      <Filter>Header Files</Filter>
    </ClInclude>
    <ClInclude Include="AIBehavior\include\PathFindingBreadthFirst.h">
      <Filter>Header Files</Filter>
    </ClInclude>
    <ClInclude Include="resource.h">
      <Filter>Header Files</Filter>
    </ClInclude>
  </ItemGroup>
  <ItemGroup>
    <ClCompile Include="src\SystemAI.cpp">
      <Filter>Source Files</Filter>
    </ClCompile>
    <ClCompile Include="src\dllmain.cpp">
      <Filter>Source Files</Filter>
    </ClCompile>
    <ClCompile Include="src\pch.cpp">
      <Filter>Source Files</Filter>
    </ClCompile>
    <ClCompile Include="src\AIBehaviorFactory.cpp">
      <Filter>Source Files</Filter>
    </ClCompile>
    <ClCompile Include="AIBehavior\src\EvadeByMatch.cpp">
      <Filter>Source Files</Filter>
    </ClCompile>
    <ClCompile Include="AIBehavior\src\Pursue.cpp">
      <Filter>Source Files</Filter>
    </ClCompile>
    <ClCompile Include="AIBehavior\src\Seek.cpp">
      <Filter>Source Files</Filter>
    </ClCompile>
    <ClCompile Include="AIBehavior\src\Flee.cpp">
      <Filter>Source Files</Filter>
    </ClCompile>
    <ClCompile Include="AIBehavior\src\Evade.cpp">
      <Filter>Source Files</Filter>
    </ClCompile>
    <ClCompile Include="AIBehavior\src\Wander.cpp">
      <Filter>Source Files</Filter>
    </ClCompile>
    <ClCompile Include="AIBehavior\src\LookAtTarget.cpp">
      <Filter>Source Files</Filter>
    </ClCompile>
    <ClCompile Include="AIBehavior\src\ShootAt.cpp">
      <Filter>Source Files</Filter>
    </ClCompile>
    <ClCompile Include="AIBehavior\src\LookAtMovingDirection.cpp">
      <Filter>Source Files</Filter>
    </ClCompile>
    <ClCompile Include="AIBehavior\src\Flocking.cpp">
      <Filter>Source Files</Filter>
    </ClCompile>
    <ClCompile Include="AIBehavior\src\PathFollowing.cpp">
      <Filter>Source Files</Filter>
    </ClCompile>
    <ClCompile Include="AIBehavior\src\Graph.cpp">
      <Filter>Source Files</Filter>
    </ClCompile>
    <ClCompile Include="AIBehavior\src\Formation.cpp">
      <Filter>Source Files</Filter>
    </ClCompile>
    <ClCompile Include="AIBehavior\src\AxisRotation.cpp">
      <Filter>Source Files</Filter>
    </ClCompile>
    <ClCompile Include="AIBehavior\src\PathFindingAStar.cpp">
      <Filter>Source Files</Filter>
    </ClCompile>
    <ClCompile Include="AIBehavior\src\PathFindingDjikstra.cpp">
      <Filter>Source Files</Filter>
    </ClCompile>
    <ClCompile Include="AIBehavior\src\PathFindingDepthFirst.cpp">
      <Filter>Source Files</Filter>
    </ClCompile>
    <ClCompile Include="AIBehavior\src\PathFindingBreadthFirst.cpp">
      <Filter>Source Files</Filter>
    </ClCompile>
  </ItemGroup>
  <ItemGroup>
    <ResourceCompile Include="BellEngine.AI.Custom.rc">
      <Filter>Resource Files</Filter>
    </ResourceCompile>
  </ItemGroup>
</Project>